
Microsoft Visual Studio Solution File, Format Version 12.00
# Visual Studio Version 17
VisualStudioVersion = 17.10.34928.147
MinimumVisualStudioVersion = 10.0.40219.1
Project("{FAE04EC0-301F-11D3-BF4B-00C04F79EFBC}") = "App1.Android", "App1.Android\App1.Android.csproj", "{BB6EAD1B-B034-4A86-9C32-E4A160640816}"
EndProject
Project("{FAE04EC0-301F-11D3-BF4B-00C04F79EFBC}") = "App1.iOS", "App1.iOS\App1.iOS.csproj", "{B43FC57A-3161-4F95-A9AC-1F9D0974FB01}"
EndProject
Project("{FAE04EC0-301F-11D3-BF4B-00C04F79EFBC}") = "App1", "App1\App1.csproj", "{E99F0EDB-CD89-4EC1-8A54-5EF0A1A4C913}"
EndProject
Global
	GlobalSection(SolutionConfigurationPlatforms) = preSolution
		Debug|Any CPU = Debug|Any CPU
		Debug|iPhone = Debug|iPhone
		Debug|iPhoneSimulator = Debug|iPhoneSimulator
		Release|Any CPU = Release|Any CPU
		Release|iPhone = Release|iPhone
		Release|iPhoneSimulator = Release|iPhoneSimulator
	EndGlobalSection
	GlobalSection(ProjectConfigurationPlatforms) = postSolution
		{BB6EAD1B-B034-4A86-9C32-E4A160640816}.Debug|Any CPU.ActiveCfg = Debug|Any CPU
		{BB6EAD1B-B034-4A86-9C32-E4A160640816}.Debug|Any CPU.Build.0 = Debug|Any CPU
		{BB6EAD1B-B034-4A86-9C32-E4A160640816}.Debug|Any CPU.Deploy.0 = Debug|Any CPU
		{BB6EAD1B-B034-4A86-9C32-E4A160640816}.Debug|iPhone.ActiveCfg = Debug|Any CPU
		{BB6EAD1B-B034-4A86-9C32-E4A160640816}.Debug|iPhone.Build.0 = Debug|Any CPU
		{BB6EAD1B-B034-4A86-9C32-E4A160640816}.Debug|iPhone.Deploy.0 = Debug|Any CPU
		{BB6EAD1B-B034-4A86-9C32-E4A160640816}.Debug|iPhoneSimulator.ActiveCfg = Debug|Any CPU
		{BB6EAD1B-B034-4A86-9C32-E4A160640816}.Debug|iPhoneSimulator.Build.0 = Debug|Any CPU
		{BB6EAD1B-B034-4A86-9C32-E4A160640816}.Debug|iPhoneSimulator.Deploy.0 = Debug|Any CPU
		{BB6EAD1B-B034-4A86-9C32-E4A160640816}.Release|Any CPU.ActiveCfg = Release|Any CPU
		{BB6EAD1B-B034-4A86-9C32-E4A160640816}.Release|Any CPU.Build.0 = Release|Any CPU
		{BB6EAD1B-B034-4A86-9C32-E4A160640816}.Release|Any CPU.Deploy.0 = Release|Any CPU
		{BB6EAD1B-B034-4A86-9C32-E4A160640816}.Release|iPhone.ActiveCfg = Release|Any CPU
		{BB6EAD1B-B034-4A86-9C32-E4A160640816}.Release|iPhone.Build.0 = Release|Any CPU
		{BB6EAD1B-B034-4A86-9C32-E4A160640816}.Release|iPhone.Deploy.0 = Release|Any CPU
		{BB6EAD1B-B034-4A86-9C32-E4A160640816}.Release|iPhoneSimulator.ActiveCfg = Release|Any CPU
		{BB6EAD1B-B034-4A86-9C32-E4A160640816}.Release|iPhoneSimulator.Build.0 = Release|Any CPU
		{BB6EAD1B-B034-4A86-9C32-E4A160640816}.Release|iPhoneSimulator.Deploy.0 = Release|Any CPU
		{B43FC57A-3161-4F95-A9AC-1F9D0974FB01}.Debug|Any CPU.ActiveCfg = Debug|iPhone
		{B43FC57A-3161-4F95-A9AC-1F9D0974FB01}.Debug|Any CPU.Build.0 = Debug|iPhone
		{B43FC57A-3161-4F95-A9AC-1F9D0974FB01}.Debug|Any CPU.Deploy.0 = Debug|iPhone
		{B43FC57A-3161-4F95-A9AC-1F9D0974FB01}.Debug|iPhone.ActiveCfg = Debug|iPhone
		{B43FC57A-3161-4F95-A9AC-1F9D0974FB01}.Debug|iPhone.Build.0 = Debug|iPhone
		{B43FC57A-3161-4F95-A9AC-1F9D0974FB01}.Debug|iPhone.Deploy.0 = Debug|iPhone
		{B43FC57A-3161-4F95-A9AC-1F9D0974FB01}.Debug|iPhoneSimulator.ActiveCfg = Debug|iPhoneSimulator
		{B43FC57A-3161-4F95-A9AC-1F9D0974FB01}.Debug|iPhoneSimulator.Build.0 = Debug|iPhoneSimulator
		{B43FC57A-3161-4F95-A9AC-1F9D0974FB01}.Debug|iPhoneSimulator.Deploy.0 = Debug|iPhoneSimulator
		{B43FC57A-3161-4F95-A9AC-1F9D0974FB01}.Release|Any CPU.ActiveCfg = Release|iPhoneSimulator
		{B43FC57A-3161-4F95-A9AC-1F9D0974FB01}.Release|Any CPU.Build.0 = Release|iPhoneSimulator
		{B43FC57A-3161-4F95-A9AC-1F9D0974FB01}.Release|Any CPU.Deploy.0 = Release|iPhoneSimulator
		{B43FC57A-3161-4F95-A9AC-1F9D0974FB01}.Release|iPhone.ActiveCfg = Release|iPhone
		{B43FC57A-3161-4F95-A9AC-1F9D0974FB01}.Release|iPhone.Build.0 = Release|iPhone
		{B43FC57A-3161-4F95-A9AC-1F9D0974FB01}.Release|iPhone.Deploy.0 = Release|iPhone
		{B43FC57A-3161-4F95-A9AC-1F9D0974FB01}.Release|iPhoneSimulator.ActiveCfg = Release|iPhoneSimulator
		{B43FC57A-3161-4F95-A9AC-1F9D0974FB01}.Release|iPhoneSimulator.Build.0 = Release|iPhoneSimulator
		{B43FC57A-3161-4F95-A9AC-1F9D0974FB01}.Release|iPhoneSimulator.Deploy.0 = Release|iPhoneSimulator
		{E99F0EDB-CD89-4EC1-8A54-5EF0A1A4C913}.Debug|Any CPU.ActiveCfg = Debug|Any CPU
		{E99F0EDB-CD89-4EC1-8A54-5EF0A1A4C913}.Debug|Any CPU.Build.0 = Debug|Any CPU
		{E99F0EDB-CD89-4EC1-8A54-5EF0A1A4C913}.Debug|Any CPU.Deploy.0 = Debug|Any CPU
		{E99F0EDB-CD89-4EC1-8A54-5EF0A1A4C913}.Debug|iPhone.ActiveCfg = Debug|Any CPU
		{E99F0EDB-CD89-4EC1-8A54-5EF0A1A4C913}.Debug|iPhone.Build.0 = Debug|Any CPU
		{E99F0EDB-CD89-4EC1-8A54-5EF0A1A4C913}.Debug|iPhone.Deploy.0 = Debug|Any CPU
		{E99F0EDB-CD89-4EC1-8A54-5EF0A1A4C913}.Debug|iPhoneSimulator.ActiveCfg = Debug|Any CPU
		{E99F0EDB-CD89-4EC1-8A54-5EF0A1A4C913}.Debug|iPhoneSimulator.Build.0 = Debug|Any CPU
		{E99F0EDB-CD89-4EC1-8A54-5EF0A1A4C913}.Debug|iPhoneSimulator.Deploy.0 = Debug|Any CPU
		{E99F0EDB-CD89-4EC1-8A54-5EF0A1A4C913}.Release|Any CPU.ActiveCfg = Release|Any CPU
		{E99F0EDB-CD89-4EC1-8A54-5EF0A1A4C913}.Release|Any CPU.Build.0 = Release|Any CPU
		{E99F0EDB-CD89-4EC1-8A54-5EF0A1A4C913}.Release|Any CPU.Deploy.0 = Release|Any CPU
		{E99F0EDB-CD89-4EC1-8A54-5EF0A1A4C913}.Release|iPhone.ActiveCfg = Release|Any CPU
		{E99F0EDB-CD89-4EC1-8A54-5EF0A1A4C913}.Release|iPhone.Build.0 = Release|Any CPU
		{E99F0EDB-CD89-4EC1-8A54-5EF0A1A4C913}.Release|iPhone.Deploy.0 = Release|Any CPU
		{E99F0EDB-CD89-4EC1-8A54-5EF0A1A4C913}.Release|iPhoneSimulator.ActiveCfg = Release|Any CPU
		{E99F0EDB-CD89-4EC1-8A54-5EF0A1A4C913}.Release|iPhoneSimulator.Build.0 = Release|Any CPU
		{E99F0EDB-CD89-4EC1-8A54-5EF0A1A4C913}.Release|iPhoneSimulator.Deploy.0 = Release|Any CPU
	EndGlobalSection
	GlobalSection(SolutionProperties) = preSolution
		HideSolutionNode = FALSE
	EndGlobalSection
	GlobalSection(ExtensibilityGlobals) = postSolution
		SolutionGuid = {3A9EDC67-8B7E-4A50-805F-11A55EA35C09}
	EndGlobalSection
EndGlobal
